// !$*UTF8*$!
{
	archiveVersion = 1;
	classes = {
	};
	objectVersion = 50;
	objects = {

/* Begin PBXBuildFile section */
		EA1E33FE237A31440013C387 /* AppDelegate.swift in Sources */ = {isa = PBXBuildFile; fileRef = EA1E33FD237A31440013C387 /* AppDelegate.swift */; };
		EA1E3400237A31440013C387 /* ViewController.swift in Sources */ = {isa = PBXBuildFile; fileRef = EA1E33FF237A31440013C387 /* ViewController.swift */; };
		EA1E3403237A31440013C387 /* Main.storyboard in Resources */ = {isa = PBXBuildFile; fileRef = EA1E3401237A31440013C387 /* Main.storyboard */; };
		EA1E3405237A31440013C387 /* Assets.xcassets in Resources */ = {isa = PBXBuildFile; fileRef = EA1E3404237A31440013C387 /* Assets.xcassets */; };
		EA1E3408237A31440013C387 /* LaunchScreen.storyboard in Resources */ = {isa = PBXBuildFile; fileRef = EA1E3406237A31440013C387 /* LaunchScreen.storyboard */; };
		EA1E3410237A323B0013C387 /* Dona.swift in Sources */ = {isa = PBXBuildFile; fileRef = EA1E340F237A323B0013C387 /* Dona.swift */; };
/* End PBXBuildFile section */

/* Begin PBXFileReference section */
		EA1E33FA237A31440013C387 /* LaRoscaProhibida.app */ = {isa = PBXFileReference; explicitFileType = wrapper.application; includeInIndex = 0; path = LaRoscaProhibida.app; sourceTree = BUILT_PRODUCTS_DIR; };
		EA1E33FD237A31440013C387 /* AppDelegate.swift */ = {isa = PBXFileReference; lastKnownFileType = sourcecode.swift; path = AppDelegate.swift; sourceTree = "<group>"; };
		EA1E33FF237A31440013C387 /* ViewController.swift */ = {isa = PBXFileReference; lastKnownFileType = sourcecode.swift; path = ViewController.swift; sourceTree = "<group>"; };
		EA1E3402237A31440013C387 /* Base */ = {isa = PBXFileReference; lastKnownFileType = file.storyboard; name = Base; path = Base.lproj/Main.storyboard; sourceTree = "<group>"; };
		EA1E3404237A31440013C387 /* Assets.xcassets */ = {isa = PBXFileReference; lastKnownFileType = folder.assetcatalog; path = Assets.xcassets; sourceTree = "<group>"; };
		EA1E3407237A31440013C387 /* Base */ = {isa = PBXFileReference; lastKnownFileType = file.storyboard; name = Base; path = Base.lproj/LaunchScreen.storyboard; sourceTree = "<group>"; };
		EA1E3409237A31440013C387 /* Info.plist */ = {isa = PBXFileReference; lastKnownFileType = text.plist.xml; path = Info.plist; sourceTree = "<group>"; };
		EA1E340F237A323B0013C387 /* Dona.swift */ = {isa = PBXFileReference; lastKnownFileType = sourcecode.swift; path = Dona.swift; sourceTree = "<group>"; };
/* End PBXFileReference section */

/* Begin PBXFrameworksBuildPhase section */
		EA1E33F7237A31440013C387 /* Frameworks */ = {
			isa = PBXFrameworksBuildPhase;
			buildActionMask = 2147483647;
			files = (
			);
			runOnlyForDeploymentPostprocessing = 0;
		};
/* End PBXFrameworksBuildPhase section */

/* Begin PBXGroup section */
		EA1E33F1237A31440013C387 = {
			isa = PBXGroup;
			children = (
				EA1E33FC237A31440013C387 /* LaRoscaProhibida */,
				EA1E33FB237A31440013C387 /* Products */,
			);
			sourceTree = "<group>";
		};
		EA1E33FB237A31440013C387 /* Products */ = {
			isa = PBXGroup;
			children = (
				EA1E33FA237A31440013C387 /* LaRoscaProhibida.app */,
			);
			name = Products;
			sourceTree = "<group>";
		};
		EA1E33FC237A31440013C387 /* LaRoscaProhibida */ = {
			isa = PBXGroup;
			children = (
				EA1E33FD237A31440013C387 /* AppDelegate.swift */,
				EA1E3412237A324E0013C387 /* Views */,
				EA1E3411237A32460013C387 /* Controllers */,
				EA1E3413237A32590013C387 /* Storyboard */,
				EA1E3404237A31440013C387 /* Assets.xcassets */,
				EA1E3409237A31440013C387 /* Info.plist */,
			);
			path = LaRoscaProhibida;
			sourceTree = "<group>";
		};
		EA1E3411237A32460013C387 /* Controllers */ = {
			isa = PBXGroup;
			children = (
				EA1E33FF237A31440013C387 /* ViewController.swift */,
			);
			path = Controllers;
			sourceTree = "<group>";
		};
		EA1E3412237A324E0013C387 /* Views */ = {
			isa = PBXGroup;
			children = (
				EA1E340F237A323B0013C387 /* Dona.swift */,
			);
			path = Views;
			sourceTree = "<group>";
		};
		EA1E3413237A32590013C387 /* Storyboard */ = {
			isa = PBXGroup;
			children = (
				EA1E3401237A31440013C387 /* Main.storyboard */,
				EA1E3406237A31440013C387 /* LaunchScreen.storyboard */,
			);
			path = Storyboard;
			sourceTree = "<group>";
		};
/* End PBXGroup section */

/* Begin PBXNativeTarget section */
		EA1E33F9237A31440013C387 /* LaRoscaProhibida */ = {
			isa = PBXNativeTarget;
			buildConfigurationList = EA1E340C237A31440013C387 /* Build configuration list for PBXNativeTarget "LaRoscaProhibida" */;
			buildPhases = (
				EA1E33F6237A31440013C387 /* Sources */,
				EA1E33F7237A31440013C387 /* Frameworks */,
				EA1E33F8237A31440013C387 /* Resources */,
			);
			buildRules = (
			);
			dependencies = (
			);
			name = LaRoscaProhibida;
			productName = LaRoscaProhibida;
			productReference = EA1E33FA237A31440013C387 /* LaRoscaProhibida.app */;
			productType = "com.apple.product-type.application";
		};
/* End PBXNativeTarget section */

/* Begin PBXProject section */
		EA1E33F2237A31440013C387 /* Project object */ = {
			isa = PBXProject;
			attributes = {
				LastSwiftUpdateCheck = 1030;
				LastUpgradeCheck = 1030;
				ORGANIZATIONNAME = "Contreras Rocha Josue Mosiah";
				TargetAttributes = {
					EA1E33F9237A31440013C387 = {
						CreatedOnToolsVersion = 10.3;
					};
				};
			};
			buildConfigurationList = EA1E33F5237A31440013C387 /* Build configuration list for PBXProject "LaRoscaProhibida" */;
			compatibilityVersion = "Xcode 9.3";
			developmentRegion = en;
			hasScannedForEncodings = 0;
			knownRegions = (
				en,
				Base,
			);
			mainGroup = EA1E33F1237A31440013C387;
			productRefGroup = EA1E33FB237A31440013C387 /* Products */;
			projectDirPath = "";
			projectRoot = "";
			targets = (
				EA1E33F9237A31440013C387 /* LaRoscaProhibida */,
			);
		};
/* End PBXProject section */

/* Begin PBXResourcesBuildPhase section */
		EA1E33F8237A31440013C387 /* Resources */ = {
			isa = PBXResourcesBuildPhase;
			buildActionMask = 2147483647;
			files = (
				EA1E3408237A31440013C387 /* LaunchScreen.storyboard in Resources */,
				EA1E3405237A31440013C387 /* Assets.xcassets in Resources */,
				EA1E3403237A31440013C387 /* Main.storyboard in Resources */,
			);
			runOnlyForDeploymentPostprocessing = 0;
		};
/* End PBXResourcesBuildPhase section */

/* Begin PBXSourcesBuildPhase section */
		EA1E33F6237A31440013C387 /* Sources */ = {
			isa = PBXSourcesBuildPhase;
			buildActionMask = 2147483647;
			files = (
				EA1E3400237A31440013C387 /* ViewController.swift in Sources */,
				EA1E3410237A323B0013C387 /* Dona.swift in Sources */,
				EA1E33FE237A31440013C387 /* AppDelegate.swift in Sources */,
			);
			runOnlyForDeploymentPostprocessing = 0;
		};
/* End PBXSourcesBuildPhase section */

/* Begin PBXVariantGroup section */
		EA1E3401237A31440013C387 /* Main.storyboard */ = {
			isa = PBXVariantGroup;
			children = (
				EA1E3402237A31440013C387 /* Base */,
			);
			name = Main.storyboard;
			sourceTree = "<group>";
		};
		EA1E3406237A31440013C387 /* LaunchScreen.storyboard */ = {
			isa = PBXVariantGroup;
			children = (
				EA1E3407237A31440013C387 /* Base */,
			);
			name = LaunchScreen.storyboard;
			sourceTree = "<group>";
		};
/* End PBXVariantGroup section */

/* Begin XCBuildConfiguration section */
		EA1E340A237A31440013C387 /* Debug */ = {
			isa = XCBuildConfiguration;
			buildSettings = {
				ALWAYS_SEARCH_USER_PATHS = NO;
				CLANG_ANALYZER_NONNULL = YES;
				CLANG_ANALYZER_NUMBER_OBJECT_CONVERSION = YES_AGGRESSIVE;
				CLANG_CXX_LANGUAGE_STANDARD = "gnu++14";
				CLANG_CXX_LIBRARY = "libc++";
				CLANG_ENABLE_MODULES = YES;
				CLANG_ENABLE_OBJC_ARC = YES;
				CLANG_ENABLE_OBJC_WEAK = YES;
				CLANG_WARN_BLOCK_CAPTURE_AUTORELEASING = YES;
				CLANG_WARN_BOOL_CONVERSION = YES;
				CLANG_WARN_COMMA = YES;
				CLANG_WARN_CONSTANT_CONVERSION = YES;
				CLANG_WARN_DEPRECATED_OBJC_IMPLEMENTATIONS = YES;
				CLANG_WARN_DIRECT_OBJC_ISA_USAGE = YES_ERROR;
				CLANG_WARN_DOCUMENTATION_COMMENTS = YES;
				CLANG_WARN_EMPTY_BODY = YES;
				CLANG_WARN_ENUM_CONVERSION = YES;
				CLANG_WARN_INFINITE_RECURSION = YES;
				CLANG_WARN_INT_CONVERSION = YES;
				CLANG_WARN_NON_LITERAL_NULL_CONVERSION = YES;
				CLANG_WARN_OBJC_IMPLICIT_RETAIN_SELF = YES;
				CLANG_WARN_OBJC_LITERAL_CONVERSION = YES;
				CLANG_WARN_OBJC_ROOT_CLASS = YES_ERROR;
				CLANG_WARN_RANGE_LOOP_ANALYSIS = YES;
				CLANG_WARN_STRICT_PROTOTYPES = YES;
				CLANG_WARN_SUSPICIOUS_MOVE = YES;
				CLANG_WARN_UNGUARDED_AVAILABILITY = YES_AGGRESSIVE;
				CLANG_WARN_UNREACHABLE_CODE = YES;
				CLANG_WARN__DUPLICATE_METHOD_MATCH = YES;
				CODE_SIGN_IDENTITY = "iPhone Developer";
				COPY_PHASE_STRIP = NO;
				DEBUG_INFORMATION_FORMAT = dwarf;
				ENABLE_STRICT_OBJC_MSGSEND = YES;
				ENABLE_TESTABILITY = YES;
				GCC_C_LANGUAGE_STANDARD = gnu11;
				GCC_DYNAMIC_NO_PIC = NO;
				GCC_NO_COMMON_BLOCKS = YES;
				GCC_OPTIMIZATION_LEVEL = 0;
				GCC_PREPROCESSOR_DEFINITIONS = (
					"DEBUG=1",
					"$(inherited)",
				);
				GCC_WARN_64_TO_32_BIT_CONVERSION = YES;
				GCC_WARN_ABOUT_RETURN_TYPE = YES_ERROR;
				GCC_WARN_UNDECLARED_SELECTOR = YES;
				GCC_WARN_UNINITIALIZED_AUTOS = YES_AGGRESSIVE;
				GCC_WARN_UNUSED_FUNCTION = YES;
				GCC_WARN_UNUSED_VARIABLE = YES;
				IPHONEOS_DEPLOYMENT_TARGET = 12.4;
				MTL_ENABLE_DEBUG_INFO = INCLUDE_SOURCE;
				MTL_FAST_MATH = YES;
				ONLY_ACTIVE_ARCH = YES;
				SDKROOT = iphoneos;
				SWIFT_ACTIVE_COMPILATION_CONDITIONS = DEBUG;
				SWIFT_OPTIMIZATION_LEVEL = "-Onone";
			};
			name = Debug;
		};
		EA1E340B237A31440013C387 /* Release */ = {
			isa = XCBuildConfiguration;
			buildSettings = {
				ALWAYS_SEARCH_USER_PATHS = NO;
				CLANG_ANALYZER_NONNULL = YES;
				CLANG_ANALYZER_NUMBER_OBJECT_CONVERSION = YES_AGGRESSIVE;
				CLANG_CXX_LANGUAGE_STANDARD = "gnu++14";
				CLANG_CXX_LIBRARY = "libc++";
				CLANG_ENABLE_MODULES = YES;
				CLANG_ENABLE_OBJC_ARC = YES;
				CLANG_ENABLE_OBJC_WEAK = YES;
				CLANG_WARN_BLOCK_CAPTURE_AUTORELEASING = YES;
				CLANG_WARN_BOOL_CONVERSION = YES;
				CLANG_WARN_COMMA = YES;
				CLANG_WARN_CONSTANT_CONVERSION = YES;
				CLANG_WARN_DEPRECATED_OBJC_IMPLEMENTATIONS = YES;
				CLANG_WARN_DIRECT_OBJC_ISA_USAGE = YES_ERROR;
				CLANG_WARN_DOCUMENTATION_COMMENTS = YES;
				CLANG_WARN_EMPTY_BODY = YES;
				CLANG_WARN_ENUM_CONVERSION = YES;
				CLANG_WARN_INFINITE_RECURSION = YES;
				CLANG_WARN_INT_CONVERSION = YES;
				CLANG_WARN_NON_LITERAL_NULL_CONVERSION = YES;
				CLANG_WARN_OBJC_IMPLICIT_RETAIN_SELF = YES;
				CLANG_WARN_OBJC_LITERAL_CONVERSION = YES;
				CLANG_WARN_OBJC_ROOT_CLASS = YES_ERROR;
				CLANG_WARN_RANGE_LOOP_ANALYSIS = YES;
				CLANG_WARN_STRICT_PROTOTYPES = YES;
				CLANG_WARN_SUSPICIOUS_MOVE = YES;
				CLANG_WARN_UNGUARDED_AVAILABILITY = YES_AGGRESSIVE;
				CLANG_WARN_UNREACHABLE_CODE = YES;
				CLANG_WARN__DUPLICATE_METHOD_MATCH = YES;
				CODE_SIGN_IDENTITY = "iPhone Developer";
				COPY_PHASE_STRIP = NO;
				DEBUG_INFORMATION_FORMAT = "dwarf-with-dsym";
				ENABLE_NS_ASSERTIONS = NO;
				ENABLE_STRICT_OBJC_MSGSEND = YES;
				GCC_C_LANGUAGE_STANDARD = gnu11;
				GCC_NO_COMMON_BLOCKS = YES;
				GCC_WARN_64_TO_32_BIT_CONVERSION = YES;
				GCC_WARN_ABOUT_RETURN_TYPE = YES_ERROR;
				GCC_WARN_UNDECLARED_SELECTOR = YES;
				GCC_WARN_UNINITIALIZED_AUTOS = YES_AGGRESSIVE;
				GCC_WARN_UNUSED_FUNCTION = YES;
				GCC_WARN_UNUSED_VARIABLE = YES;
				IPHONEOS_DEPLOYMENT_TARGET = 12.4;
				MTL_ENABLE_DEBUG_INFO = NO;
				MTL_FAST_MATH = YES;
				SDKROOT = iphoneos;
				SWIFT_COMPILATION_MODE = wholemodule;
				SWIFT_OPTIMIZATION_LEVEL = "-O";
				VALIDATE_PRODUCT = YES;
			};
			name = Release;
		};
		EA1E340D237A31440013C387 /* Debug */ = {
			isa = XCBuildConfiguration;
			buildSettings = {
				ASSETCATALOG_COMPILER_APPICON_NAME = AppIcon;
				CODE_SIGN_STYLE = Automatic;
				INFOPLIST_FILE = LaRoscaProhibida/Info.plist;
				LD_RUNPATH_SEARCH_PATHS = (
					"$(inherited)",
					"@executable_path/Frameworks",
				);
				PRODUCT_BUNDLE_IDENTIFIER = mosh.LaRoscaProhibida;
				PRODUCT_NAME = "$(TARGET_NAME)";
				SWIFT_VERSION = 5.0;
				TARGETED_DEVICE_FAMILY = "1,2";
			};
			name = Debug;
		};
		EA1E340E237A31440013C387 /* Release */ = {
			isa = XCBuildConfiguration;
			buildSettings = {
				ASSETCATALOG_COMPILER_APPICON_NAME = AppIcon;
				CODE_SIGN_STYLE = Automatic;
				INFOPLIST_FILE = LaRoscaProhibida/Info.plist;
				LD_RUNPATH_SEARCH_PATHS = (
					"$(inherited)",
					"@executable_path/Frameworks",
				);
				PRODUCT_BUNDLE_IDENTIFIER = mosh.LaRoscaProhibida;
				PRODUCT_NAME = "$(TARGET_NAME)";
				SWIFT_VERSION = 5.0;
				TARGETED_DEVICE_FAMILY = "1,2";
			};
			name = Release;
		};
/* End XCBuildConfiguration section */

/* Begin XCConfigurationList section */
		EA1E33F5237A31440013C387 /* Build configuration list for PBXProject "LaRoscaProhibida" */ = {
			isa = XCConfigurationList;
			buildConfigurations = (
				EA1E340A237A31440013C387 /* Debug */,
				EA1E340B237A31440013C387 /* Release */,
			);
			defaultConfigurationIsVisible = 0;
			defaultConfigurationName = Release;
		};
		EA1E340C237A31440013C387 /* Build configuration list for PBXNativeTarget "LaRoscaProhibida" */ = {
			isa = XCConfigurationList;
			buildConfigurations = (
				EA1E340D237A31440013C387 /* Debug */,
				EA1E340E237A31440013C387 /* Release */,
			);
			defaultConfigurationIsVisible = 0;
			defaultConfigurationName = Release;
		};
/* End XCConfigurationList section */
	};
	rootObject = EA1E33F2237A31440013C387 /* Project object */;
}
