// !$*UTF8*$!
{
	archiveVersion = 1;
	classes = {
	};
	objectVersion = 50;
	objects = {

/* Begin PBXBuildFile section */
		EA22E887233C31B300AAB3F3 /* sonido.wav in Resources */ = {isa = PBXBuildFile; fileRef = EA22E884233C31B300AAB3F3 /* sonido.wav */; };
		EA22E888233C31B300AAB3F3 /* Hipno.png in Resources */ = {isa = PBXBuildFile; fileRef = EA22E885233C31B300AAB3F3 /* Hipno.png */; };
		EA22E889233C31B300AAB3F3 /* Hora.png in Resources */ = {isa = PBXBuildFile; fileRef = EA22E886233C31B300AAB3F3 /* Hora.png */; };
		EA22E88B233C342700AAB3F3 /* HipnosisViewController.swift in Sources */ = {isa = PBXBuildFile; fileRef = EA22E88A233C342700AAB3F3 /* HipnosisViewController.swift */; };
		EABA1033233305BC002870C9 /* AppDelegate.swift in Sources */ = {isa = PBXBuildFile; fileRef = EABA1032233305BC002870C9 /* AppDelegate.swift */; };
		EABA1038233305BC002870C9 /* Main.storyboard in Resources */ = {isa = PBXBuildFile; fileRef = EABA1036233305BC002870C9 /* Main.storyboard */; };
		EABA103A233305BC002870C9 /* Assets.xcassets in Resources */ = {isa = PBXBuildFile; fileRef = EABA1039233305BC002870C9 /* Assets.xcassets */; };
		EABA103D233305BC002870C9 /* LaunchScreen.storyboard in Resources */ = {isa = PBXBuildFile; fileRef = EABA103B233305BC002870C9 /* LaunchScreen.storyboard */; };
		EABA1048233305BC002870C9 /* HipnoHoraTests.swift in Sources */ = {isa = PBXBuildFile; fileRef = EABA1047233305BC002870C9 /* HipnoHoraTests.swift */; };
		EABA1053233305BC002870C9 /* HipnoHoraUITests.swift in Sources */ = {isa = PBXBuildFile; fileRef = EABA1052233305BC002870C9 /* HipnoHoraUITests.swift */; };
		EACE1B5423398FE2008EFB64 /* HipnosisView.swift in Sources */ = {isa = PBXBuildFile; fileRef = EACE1B5323398FE2008EFB64 /* HipnosisView.swift */; };
		EACE1B562339948A008EFB64 /* RecordatorioViewController.swift in Sources */ = {isa = PBXBuildFile; fileRef = EACE1B5523399489008EFB64 /* RecordatorioViewController.swift */; };
/* End PBXBuildFile section */

/* Begin PBXContainerItemProxy section */
		EABA1044233305BC002870C9 /* PBXContainerItemProxy */ = {
			isa = PBXContainerItemProxy;
			containerPortal = EABA1027233305BC002870C9 /* Project object */;
			proxyType = 1;
			remoteGlobalIDString = EABA102E233305BC002870C9;
			remoteInfo = HipnoHora;
		};
		EABA104F233305BC002870C9 /* PBXContainerItemProxy */ = {
			isa = PBXContainerItemProxy;
			containerPortal = EABA1027233305BC002870C9 /* Project object */;
			proxyType = 1;
			remoteGlobalIDString = EABA102E233305BC002870C9;
			remoteInfo = HipnoHora;
		};
/* End PBXContainerItemProxy section */

/* Begin PBXFileReference section */
		EA22E884233C31B300AAB3F3 /* sonido.wav */ = {isa = PBXFileReference; lastKnownFileType = audio.wav; path = sonido.wav; sourceTree = "<group>"; };
		EA22E885233C31B300AAB3F3 /* Hipno.png */ = {isa = PBXFileReference; lastKnownFileType = image.png; path = Hipno.png; sourceTree = "<group>"; };
		EA22E886233C31B300AAB3F3 /* Hora.png */ = {isa = PBXFileReference; lastKnownFileType = image.png; path = Hora.png; sourceTree = "<group>"; };
		EA22E88A233C342700AAB3F3 /* HipnosisViewController.swift */ = {isa = PBXFileReference; lastKnownFileType = sourcecode.swift; path = HipnosisViewController.swift; sourceTree = "<group>"; };
		EABA102F233305BC002870C9 /* HipnoHora.app */ = {isa = PBXFileReference; explicitFileType = wrapper.application; includeInIndex = 0; path = HipnoHora.app; sourceTree = BUILT_PRODUCTS_DIR; };
		EABA1032233305BC002870C9 /* AppDelegate.swift */ = {isa = PBXFileReference; lastKnownFileType = sourcecode.swift; path = AppDelegate.swift; sourceTree = "<group>"; };
		EABA1037233305BC002870C9 /* Base */ = {isa = PBXFileReference; lastKnownFileType = file.storyboard; name = Base; path = Base.lproj/Main.storyboard; sourceTree = "<group>"; };
		EABA1039233305BC002870C9 /* Assets.xcassets */ = {isa = PBXFileReference; lastKnownFileType = folder.assetcatalog; path = Assets.xcassets; sourceTree = "<group>"; };
		EABA103C233305BC002870C9 /* Base */ = {isa = PBXFileReference; lastKnownFileType = file.storyboard; name = Base; path = Base.lproj/LaunchScreen.storyboard; sourceTree = "<group>"; };
		EABA103E233305BC002870C9 /* Info.plist */ = {isa = PBXFileReference; lastKnownFileType = text.plist.xml; path = Info.plist; sourceTree = "<group>"; };
		EABA1043233305BC002870C9 /* HipnoHoraTests.xctest */ = {isa = PBXFileReference; explicitFileType = wrapper.cfbundle; includeInIndex = 0; path = HipnoHoraTests.xctest; sourceTree = BUILT_PRODUCTS_DIR; };
		EABA1047233305BC002870C9 /* HipnoHoraTests.swift */ = {isa = PBXFileReference; lastKnownFileType = sourcecode.swift; path = HipnoHoraTests.swift; sourceTree = "<group>"; };
		EABA1049233305BC002870C9 /* Info.plist */ = {isa = PBXFileReference; lastKnownFileType = text.plist.xml; path = Info.plist; sourceTree = "<group>"; };
		EABA104E233305BC002870C9 /* HipnoHoraUITests.xctest */ = {isa = PBXFileReference; explicitFileType = wrapper.cfbundle; includeInIndex = 0; path = HipnoHoraUITests.xctest; sourceTree = BUILT_PRODUCTS_DIR; };
		EABA1052233305BC002870C9 /* HipnoHoraUITests.swift */ = {isa = PBXFileReference; lastKnownFileType = sourcecode.swift; path = HipnoHoraUITests.swift; sourceTree = "<group>"; };
		EABA1054233305BC002870C9 /* Info.plist */ = {isa = PBXFileReference; lastKnownFileType = text.plist.xml; path = Info.plist; sourceTree = "<group>"; };
		EACE1B5323398FE2008EFB64 /* HipnosisView.swift */ = {isa = PBXFileReference; fileEncoding = 4; lastKnownFileType = sourcecode.swift; name = HipnosisView.swift; path = ../../Hipnosis/Hipnosis/HipnosisView.swift; sourceTree = "<group>"; };
		EACE1B5523399489008EFB64 /* RecordatorioViewController.swift */ = {isa = PBXFileReference; lastKnownFileType = sourcecode.swift; path = RecordatorioViewController.swift; sourceTree = "<group>"; };
/* End PBXFileReference section */

/* Begin PBXFrameworksBuildPhase section */
		EABA102C233305BC002870C9 /* Frameworks */ = {
			isa = PBXFrameworksBuildPhase;
			buildActionMask = 2147483647;
			files = (
			);
			runOnlyForDeploymentPostprocessing = 0;
		};
		EABA1040233305BC002870C9 /* Frameworks */ = {
			isa = PBXFrameworksBuildPhase;
			buildActionMask = 2147483647;
			files = (
			);
			runOnlyForDeploymentPostprocessing = 0;
		};
		EABA104B233305BC002870C9 /* Frameworks */ = {
			isa = PBXFrameworksBuildPhase;
			buildActionMask = 2147483647;
			files = (
			);
			runOnlyForDeploymentPostprocessing = 0;
		};
/* End PBXFrameworksBuildPhase section */

/* Begin PBXGroup section */
		EABA1026233305BC002870C9 = {
			isa = PBXGroup;
			children = (
				EABA1031233305BC002870C9 /* HipnoHora */,
				EABA1046233305BC002870C9 /* HipnoHoraTests */,
				EABA1051233305BC002870C9 /* HipnoHoraUITests */,
				EABA1030233305BC002870C9 /* Products */,
			);
			sourceTree = "<group>";
		};
		EABA1030233305BC002870C9 /* Products */ = {
			isa = PBXGroup;
			children = (
				EABA102F233305BC002870C9 /* HipnoHora.app */,
				EABA1043233305BC002870C9 /* HipnoHoraTests.xctest */,
				EABA104E233305BC002870C9 /* HipnoHoraUITests.xctest */,
			);
			name = Products;
			sourceTree = "<group>";
		};
		EABA1031233305BC002870C9 /* HipnoHora */ = {
			isa = PBXGroup;
			children = (
				EABA1032233305BC002870C9 /* AppDelegate.swift */,
				EACE1B5323398FE2008EFB64 /* HipnosisView.swift */,
				EA22E88A233C342700AAB3F3 /* HipnosisViewController.swift */,
				EACE1B5523399489008EFB64 /* RecordatorioViewController.swift */,
				EABA1036233305BC002870C9 /* Main.storyboard */,
				EABA1039233305BC002870C9 /* Assets.xcassets */,
				EABA103B233305BC002870C9 /* LaunchScreen.storyboard */,
				EABA103E233305BC002870C9 /* Info.plist */,
				EA22E885233C31B300AAB3F3 /* Hipno.png */,
				EA22E886233C31B300AAB3F3 /* Hora.png */,
				EA22E884233C31B300AAB3F3 /* sonido.wav */,
			);
			path = HipnoHora;
			sourceTree = "<group>";
		};
		EABA1046233305BC002870C9 /* HipnoHoraTests */ = {
			isa = PBXGroup;
			children = (
				EABA1047233305BC002870C9 /* HipnoHoraTests.swift */,
				EABA1049233305BC002870C9 /* Info.plist */,
			);
			path = HipnoHoraTests;
			sourceTree = "<group>";
		};
		EABA1051233305BC002870C9 /* HipnoHoraUITests */ = {
			isa = PBXGroup;
			children = (
				EABA1052233305BC002870C9 /* HipnoHoraUITests.swift */,
				EABA1054233305BC002870C9 /* Info.plist */,
			);
			path = HipnoHoraUITests;
			sourceTree = "<group>";
		};
/* End PBXGroup section */

/* Begin PBXNativeTarget section */
		EABA102E233305BC002870C9 /* HipnoHora */ = {
			isa = PBXNativeTarget;
			buildConfigurationList = EABA1057233305BC002870C9 /* Build configuration list for PBXNativeTarget "HipnoHora" */;
			buildPhases = (
				EABA102B233305BC002870C9 /* Sources */,
				EABA102C233305BC002870C9 /* Frameworks */,
				EABA102D233305BC002870C9 /* Resources */,
			);
			buildRules = (
			);
			dependencies = (
			);
			name = HipnoHora;
			productName = HipnoHora;
			productReference = EABA102F233305BC002870C9 /* HipnoHora.app */;
			productType = "com.apple.product-type.application";
		};
		EABA1042233305BC002870C9 /* HipnoHoraTests */ = {
			isa = PBXNativeTarget;
			buildConfigurationList = EABA105A233305BC002870C9 /* Build configuration list for PBXNativeTarget "HipnoHoraTests" */;
			buildPhases = (
				EABA103F233305BC002870C9 /* Sources */,
				EABA1040233305BC002870C9 /* Frameworks */,
				EABA1041233305BC002870C9 /* Resources */,
			);
			buildRules = (
			);
			dependencies = (
				EABA1045233305BC002870C9 /* PBXTargetDependency */,
			);
			name = HipnoHoraTests;
			productName = HipnoHoraTests;
			productReference = EABA1043233305BC002870C9 /* HipnoHoraTests.xctest */;
			productType = "com.apple.product-type.bundle.unit-test";
		};
		EABA104D233305BC002870C9 /* HipnoHoraUITests */ = {
			isa = PBXNativeTarget;
			buildConfigurationList = EABA105D233305BC002870C9 /* Build configuration list for PBXNativeTarget "HipnoHoraUITests" */;
			buildPhases = (
				EABA104A233305BC002870C9 /* Sources */,
				EABA104B233305BC002870C9 /* Frameworks */,
				EABA104C233305BC002870C9 /* Resources */,
			);
			buildRules = (
			);
			dependencies = (
				EABA1050233305BC002870C9 /* PBXTargetDependency */,
			);
			name = HipnoHoraUITests;
			productName = HipnoHoraUITests;
			productReference = EABA104E233305BC002870C9 /* HipnoHoraUITests.xctest */;
			productType = "com.apple.product-type.bundle.ui-testing";
		};
/* End PBXNativeTarget section */

/* Begin PBXProject section */
		EABA1027233305BC002870C9 /* Project object */ = {
			isa = PBXProject;
			attributes = {
				LastSwiftUpdateCheck = 1030;
				LastUpgradeCheck = 1030;
				ORGANIZATIONNAME = "Contreras Rocha Josue Mosiah";
				TargetAttributes = {
					EABA102E233305BC002870C9 = {
						CreatedOnToolsVersion = 10.3;
					};
					EABA1042233305BC002870C9 = {
						CreatedOnToolsVersion = 10.3;
						TestTargetID = EABA102E233305BC002870C9;
					};
					EABA104D233305BC002870C9 = {
						CreatedOnToolsVersion = 10.3;
						TestTargetID = EABA102E233305BC002870C9;
					};
				};
			};
			buildConfigurationList = EABA102A233305BC002870C9 /* Build configuration list for PBXProject "HipnoHora" */;
			compatibilityVersion = "Xcode 9.3";
			developmentRegion = en;
			hasScannedForEncodings = 0;
			knownRegions = (
				en,
				Base,
			);
			mainGroup = EABA1026233305BC002870C9;
			productRefGroup = EABA1030233305BC002870C9 /* Products */;
			projectDirPath = "";
			projectRoot = "";
			targets = (
				EABA102E233305BC002870C9 /* HipnoHora */,
				EABA1042233305BC002870C9 /* HipnoHoraTests */,
				EABA104D233305BC002870C9 /* HipnoHoraUITests */,
			);
		};
/* End PBXProject section */

/* Begin PBXResourcesBuildPhase section */
		EABA102D233305BC002870C9 /* Resources */ = {
			isa = PBXResourcesBuildPhase;
			buildActionMask = 2147483647;
			files = (
				EABA103D233305BC002870C9 /* LaunchScreen.storyboard in Resources */,
				EABA103A233305BC002870C9 /* Assets.xcassets in Resources */,
				EA22E887233C31B300AAB3F3 /* sonido.wav in Resources */,
				EA22E889233C31B300AAB3F3 /* Hora.png in Resources */,
				EABA1038233305BC002870C9 /* Main.storyboard in Resources */,
				EA22E888233C31B300AAB3F3 /* Hipno.png in Resources */,
			);
			runOnlyForDeploymentPostprocessing = 0;
		};
		EABA1041233305BC002870C9 /* Resources */ = {
			isa = PBXResourcesBuildPhase;
			buildActionMask = 2147483647;
			files = (
			);
			runOnlyForDeploymentPostprocessing = 0;
		};
		EABA104C233305BC002870C9 /* Resources */ = {
			isa = PBXResourcesBuildPhase;
			buildActionMask = 2147483647;
			files = (
			);
			runOnlyForDeploymentPostprocessing = 0;
		};
/* End PBXResourcesBuildPhase section */

/* Begin PBXSourcesBuildPhase section */
		EABA102B233305BC002870C9 /* Sources */ = {
			isa = PBXSourcesBuildPhase;
			buildActionMask = 2147483647;
			files = (
				EACE1B562339948A008EFB64 /* RecordatorioViewController.swift in Sources */,
				EABA1033233305BC002870C9 /* AppDelegate.swift in Sources */,
				EACE1B5423398FE2008EFB64 /* HipnosisView.swift in Sources */,
				EA22E88B233C342700AAB3F3 /* HipnosisViewController.swift in Sources */,
			);
			runOnlyForDeploymentPostprocessing = 0;
		};
		EABA103F233305BC002870C9 /* Sources */ = {
			isa = PBXSourcesBuildPhase;
			buildActionMask = 2147483647;
			files = (
				EABA1048233305BC002870C9 /* HipnoHoraTests.swift in Sources */,
			);
			runOnlyForDeploymentPostprocessing = 0;
		};
		EABA104A233305BC002870C9 /* Sources */ = {
			isa = PBXSourcesBuildPhase;
			buildActionMask = 2147483647;
			files = (
				EABA1053233305BC002870C9 /* HipnoHoraUITests.swift in Sources */,
			);
			runOnlyForDeploymentPostprocessing = 0;
		};
/* End PBXSourcesBuildPhase section */

/* Begin PBXTargetDependency section */
		EABA1045233305BC002870C9 /* PBXTargetDependency */ = {
			isa = PBXTargetDependency;
			target = EABA102E233305BC002870C9 /* HipnoHora */;
			targetProxy = EABA1044233305BC002870C9 /* PBXContainerItemProxy */;
		};
		EABA1050233305BC002870C9 /* PBXTargetDependency */ = {
			isa = PBXTargetDependency;
			target = EABA102E233305BC002870C9 /* HipnoHora */;
			targetProxy = EABA104F233305BC002870C9 /* PBXContainerItemProxy */;
		};
/* End PBXTargetDependency section */

/* Begin PBXVariantGroup section */
		EABA1036233305BC002870C9 /* Main.storyboard */ = {
			isa = PBXVariantGroup;
			children = (
				EABA1037233305BC002870C9 /* Base */,
			);
			name = Main.storyboard;
			sourceTree = "<group>";
		};
		EABA103B233305BC002870C9 /* LaunchScreen.storyboard */ = {
			isa = PBXVariantGroup;
			children = (
				EABA103C233305BC002870C9 /* Base */,
			);
			name = LaunchScreen.storyboard;
			sourceTree = "<group>";
		};
/* End PBXVariantGroup section */

/* Begin XCBuildConfiguration section */
		EABA1055233305BC002870C9 /* Debug */ = {
			isa = XCBuildConfiguration;
			buildSettings = {
				ALWAYS_SEARCH_USER_PATHS = NO;
				CLANG_ANALYZER_NONNULL = YES;
				CLANG_ANALYZER_NUMBER_OBJECT_CONVERSION = YES_AGGRESSIVE;
				CLANG_CXX_LANGUAGE_STANDARD = "gnu++14";
				CLANG_CXX_LIBRARY = "libc++";
				CLANG_ENABLE_MODULES = YES;
				CLANG_ENABLE_OBJC_ARC = YES;
				CLANG_ENABLE_OBJC_WEAK = YES;
				CLANG_WARN_BLOCK_CAPTURE_AUTORELEASING = YES;
				CLANG_WARN_BOOL_CONVERSION = YES;
				CLANG_WARN_COMMA = YES;
				CLANG_WARN_CONSTANT_CONVERSION = YES;
				CLANG_WARN_DEPRECATED_OBJC_IMPLEMENTATIONS = YES;
				CLANG_WARN_DIRECT_OBJC_ISA_USAGE = YES_ERROR;
				CLANG_WARN_DOCUMENTATION_COMMENTS = YES;
				CLANG_WARN_EMPTY_BODY = YES;
				CLANG_WARN_ENUM_CONVERSION = YES;
				CLANG_WARN_INFINITE_RECURSION = YES;
				CLANG_WARN_INT_CONVERSION = YES;
				CLANG_WARN_NON_LITERAL_NULL_CONVERSION = YES;
				CLANG_WARN_OBJC_IMPLICIT_RETAIN_SELF = YES;
				CLANG_WARN_OBJC_LITERAL_CONVERSION = YES;
				CLANG_WARN_OBJC_ROOT_CLASS = YES_ERROR;
				CLANG_WARN_RANGE_LOOP_ANALYSIS = YES;
				CLANG_WARN_STRICT_PROTOTYPES = YES;
				CLANG_WARN_SUSPICIOUS_MOVE = YES;
				CLANG_WARN_UNGUARDED_AVAILABILITY = YES_AGGRESSIVE;
				CLANG_WARN_UNREACHABLE_CODE = YES;
				CLANG_WARN__DUPLICATE_METHOD_MATCH = YES;
				CODE_SIGN_IDENTITY = "iPhone Developer";
				COPY_PHASE_STRIP = NO;
				DEBUG_INFORMATION_FORMAT = dwarf;
				ENABLE_STRICT_OBJC_MSGSEND = YES;
				ENABLE_TESTABILITY = YES;
				GCC_C_LANGUAGE_STANDARD = gnu11;
				GCC_DYNAMIC_NO_PIC = NO;
				GCC_NO_COMMON_BLOCKS = YES;
				GCC_OPTIMIZATION_LEVEL = 0;
				GCC_PREPROCESSOR_DEFINITIONS = (
					"DEBUG=1",
					"$(inherited)",
				);
				GCC_WARN_64_TO_32_BIT_CONVERSION = YES;
				GCC_WARN_ABOUT_RETURN_TYPE = YES_ERROR;
				GCC_WARN_UNDECLARED_SELECTOR = YES;
				GCC_WARN_UNINITIALIZED_AUTOS = YES_AGGRESSIVE;
				GCC_WARN_UNUSED_FUNCTION = YES;
				GCC_WARN_UNUSED_VARIABLE = YES;
				IPHONEOS_DEPLOYMENT_TARGET = 12.4;
				MTL_ENABLE_DEBUG_INFO = INCLUDE_SOURCE;
				MTL_FAST_MATH = YES;
				ONLY_ACTIVE_ARCH = YES;
				SDKROOT = iphoneos;
				SWIFT_ACTIVE_COMPILATION_CONDITIONS = DEBUG;
				SWIFT_OPTIMIZATION_LEVEL = "-Onone";
			};
			name = Debug;
		};
		EABA1056233305BC002870C9 /* Release */ = {
			isa = XCBuildConfiguration;
			buildSettings = {
				ALWAYS_SEARCH_USER_PATHS = NO;
				CLANG_ANALYZER_NONNULL = YES;
				CLANG_ANALYZER_NUMBER_OBJECT_CONVERSION = YES_AGGRESSIVE;
				CLANG_CXX_LANGUAGE_STANDARD = "gnu++14";
				CLANG_CXX_LIBRARY = "libc++";
				CLANG_ENABLE_MODULES = YES;
				CLANG_ENABLE_OBJC_ARC = YES;
				CLANG_ENABLE_OBJC_WEAK = YES;
				CLANG_WARN_BLOCK_CAPTURE_AUTORELEASING = YES;
				CLANG_WARN_BOOL_CONVERSION = YES;
				CLANG_WARN_COMMA = YES;
				CLANG_WARN_CONSTANT_CONVERSION = YES;
				CLANG_WARN_DEPRECATED_OBJC_IMPLEMENTATIONS = YES;
				CLANG_WARN_DIRECT_OBJC_ISA_USAGE = YES_ERROR;
				CLANG_WARN_DOCUMENTATION_COMMENTS = YES;
				CLANG_WARN_EMPTY_BODY = YES;
				CLANG_WARN_ENUM_CONVERSION = YES;
				CLANG_WARN_INFINITE_RECURSION = YES;
				CLANG_WARN_INT_CONVERSION = YES;
				CLANG_WARN_NON_LITERAL_NULL_CONVERSION = YES;
				CLANG_WARN_OBJC_IMPLICIT_RETAIN_SELF = YES;
				CLANG_WARN_OBJC_LITERAL_CONVERSION = YES;
				CLANG_WARN_OBJC_ROOT_CLASS = YES_ERROR;
				CLANG_WARN_RANGE_LOOP_ANALYSIS = YES;
				CLANG_WARN_STRICT_PROTOTYPES = YES;
				CLANG_WARN_SUSPICIOUS_MOVE = YES;
				CLANG_WARN_UNGUARDED_AVAILABILITY = YES_AGGRESSIVE;
				CLANG_WARN_UNREACHABLE_CODE = YES;
				CLANG_WARN__DUPLICATE_METHOD_MATCH = YES;
				CODE_SIGN_IDENTITY = "iPhone Developer";
				COPY_PHASE_STRIP = NO;
				DEBUG_INFORMATION_FORMAT = "dwarf-with-dsym";
				ENABLE_NS_ASSERTIONS = NO;
				ENABLE_STRICT_OBJC_MSGSEND = YES;
				GCC_C_LANGUAGE_STANDARD = gnu11;
				GCC_NO_COMMON_BLOCKS = YES;
				GCC_WARN_64_TO_32_BIT_CONVERSION = YES;
				GCC_WARN_ABOUT_RETURN_TYPE = YES_ERROR;
				GCC_WARN_UNDECLARED_SELECTOR = YES;
				GCC_WARN_UNINITIALIZED_AUTOS = YES_AGGRESSIVE;
				GCC_WARN_UNUSED_FUNCTION = YES;
				GCC_WARN_UNUSED_VARIABLE = YES;
				IPHONEOS_DEPLOYMENT_TARGET = 12.4;
				MTL_ENABLE_DEBUG_INFO = NO;
				MTL_FAST_MATH = YES;
				SDKROOT = iphoneos;
				SWIFT_COMPILATION_MODE = wholemodule;
				SWIFT_OPTIMIZATION_LEVEL = "-O";
				VALIDATE_PRODUCT = YES;
			};
			name = Release;
		};
		EABA1058233305BC002870C9 /* Debug */ = {
			isa = XCBuildConfiguration;
			buildSettings = {
				ASSETCATALOG_COMPILER_APPICON_NAME = AppIcon;
				CODE_SIGN_STYLE = Automatic;
				DEVELOPMENT_TEAM = 6Y824SG78Q;
				INFOPLIST_FILE = HipnoHora/Info.plist;
				LD_RUNPATH_SEARCH_PATHS = (
					"$(inherited)",
					"@executable_path/Frameworks",
				);
				PRODUCT_BUNDLE_IDENTIFIER = mosh.HipnoHora;
				PRODUCT_NAME = "$(TARGET_NAME)";
				SWIFT_VERSION = 5.0;
				TARGETED_DEVICE_FAMILY = "1,2";
			};
			name = Debug;
		};
		EABA1059233305BC002870C9 /* Release */ = {
			isa = XCBuildConfiguration;
			buildSettings = {
				ASSETCATALOG_COMPILER_APPICON_NAME = AppIcon;
				CODE_SIGN_STYLE = Automatic;
				DEVELOPMENT_TEAM = 6Y824SG78Q;
				INFOPLIST_FILE = HipnoHora/Info.plist;
				LD_RUNPATH_SEARCH_PATHS = (
					"$(inherited)",
					"@executable_path/Frameworks",
				);
				PRODUCT_BUNDLE_IDENTIFIER = mosh.HipnoHora;
				PRODUCT_NAME = "$(TARGET_NAME)";
				SWIFT_VERSION = 5.0;
				TARGETED_DEVICE_FAMILY = "1,2";
			};
			name = Release;
		};
		EABA105B233305BC002870C9 /* Debug */ = {
			isa = XCBuildConfiguration;
			buildSettings = {
				ALWAYS_EMBED_SWIFT_STANDARD_LIBRARIES = YES;
				BUNDLE_LOADER = "$(TEST_HOST)";
				CODE_SIGN_STYLE = Automatic;
				DEVELOPMENT_TEAM = 6Y824SG78Q;
				INFOPLIST_FILE = HipnoHoraTests/Info.plist;
				LD_RUNPATH_SEARCH_PATHS = (
					"$(inherited)",
					"@executable_path/Frameworks",
					"@loader_path/Frameworks",
				);
				PRODUCT_BUNDLE_IDENTIFIER = mosh.HipnoHoraTests;
				PRODUCT_NAME = "$(TARGET_NAME)";
				SWIFT_VERSION = 5.0;
				TARGETED_DEVICE_FAMILY = "1,2";
				TEST_HOST = "$(BUILT_PRODUCTS_DIR)/HipnoHora.app/HipnoHora";
			};
			name = Debug;
		};
		EABA105C233305BC002870C9 /* Release */ = {
			isa = XCBuildConfiguration;
			buildSettings = {
				ALWAYS_EMBED_SWIFT_STANDARD_LIBRARIES = YES;
				BUNDLE_LOADER = "$(TEST_HOST)";
				CODE_SIGN_STYLE = Automatic;
				DEVELOPMENT_TEAM = 6Y824SG78Q;
				INFOPLIST_FILE = HipnoHoraTests/Info.plist;
				LD_RUNPATH_SEARCH_PATHS = (
					"$(inherited)",
					"@executable_path/Frameworks",
					"@loader_path/Frameworks",
				);
				PRODUCT_BUNDLE_IDENTIFIER = mosh.HipnoHoraTests;
				PRODUCT_NAME = "$(TARGET_NAME)";
				SWIFT_VERSION = 5.0;
				TARGETED_DEVICE_FAMILY = "1,2";
				TEST_HOST = "$(BUILT_PRODUCTS_DIR)/HipnoHora.app/HipnoHora";
			};
			name = Release;
		};
		EABA105E233305BC002870C9 /* Debug */ = {
			isa = XCBuildConfiguration;
			buildSettings = {
				ALWAYS_EMBED_SWIFT_STANDARD_LIBRARIES = YES;
				CODE_SIGN_STYLE = Automatic;
				DEVELOPMENT_TEAM = 6Y824SG78Q;
				INFOPLIST_FILE = HipnoHoraUITests/Info.plist;
				LD_RUNPATH_SEARCH_PATHS = (
					"$(inherited)",
					"@executable_path/Frameworks",
					"@loader_path/Frameworks",
				);
				PRODUCT_BUNDLE_IDENTIFIER = mosh.HipnoHoraUITests;
				PRODUCT_NAME = "$(TARGET_NAME)";
				SWIFT_VERSION = 5.0;
				TARGETED_DEVICE_FAMILY = "1,2";
				TEST_TARGET_NAME = HipnoHora;
			};
			name = Debug;
		};
		EABA105F233305BC002870C9 /* Release */ = {
			isa = XCBuildConfiguration;
			buildSettings = {
				ALWAYS_EMBED_SWIFT_STANDARD_LIBRARIES = YES;
				CODE_SIGN_STYLE = Automatic;
				DEVELOPMENT_TEAM = 6Y824SG78Q;
				INFOPLIST_FILE = HipnoHoraUITests/Info.plist;
				LD_RUNPATH_SEARCH_PATHS = (
					"$(inherited)",
					"@executable_path/Frameworks",
					"@loader_path/Frameworks",
				);
				PRODUCT_BUNDLE_IDENTIFIER = mosh.HipnoHoraUITests;
				PRODUCT_NAME = "$(TARGET_NAME)";
				SWIFT_VERSION = 5.0;
				TARGETED_DEVICE_FAMILY = "1,2";
				TEST_TARGET_NAME = HipnoHora;
			};
			name = Release;
		};
/* End XCBuildConfiguration section */

/* Begin XCConfigurationList section */
		EABA102A233305BC002870C9 /* Build configuration list for PBXProject "HipnoHora" */ = {
			isa = XCConfigurationList;
			buildConfigurations = (
				EABA1055233305BC002870C9 /* Debug */,
				EABA1056233305BC002870C9 /* Release */,
			);
			defaultConfigurationIsVisible = 0;
			defaultConfigurationName = Release;
		};
		EABA1057233305BC002870C9 /* Build configuration list for PBXNativeTarget "HipnoHora" */ = {
			isa = XCConfigurationList;
			buildConfigurations = (
				EABA1058233305BC002870C9 /* Debug */,
				EABA1059233305BC002870C9 /* Release */,
			);
			defaultConfigurationIsVisible = 0;
			defaultConfigurationName = Release;
		};
		EABA105A233305BC002870C9 /* Build configuration list for PBXNativeTarget "HipnoHoraTests" */ = {
			isa = XCConfigurationList;
			buildConfigurations = (
				EABA105B233305BC002870C9 /* Debug */,
				EABA105C233305BC002870C9 /* Release */,
			);
			defaultConfigurationIsVisible = 0;
			defaultConfigurationName = Release;
		};
		EABA105D233305BC002870C9 /* Build configuration list for PBXNativeTarget "HipnoHoraUITests" */ = {
			isa = XCConfigurationList;
			buildConfigurations = (
				EABA105E233305BC002870C9 /* Debug */,
				EABA105F233305BC002870C9 /* Release */,
			);
			defaultConfigurationIsVisible = 0;
			defaultConfigurationName = Release;
		};
/* End XCConfigurationList section */
	};
	rootObject = EABA1027233305BC002870C9 /* Project object */;
}
